// !$*UTF8*$!
{
	archiveVersion = 1;
	classes = {
	};
	objectVersion = 56;
	objects = {

/* Begin PBXBuildFile section */
		12AFBB722BA675DB00242EA3 /* CashControlApp.swift in Sources */ = {isa = PBXBuildFile; fileRef = 12AFBB712BA675DB00242EA3 /* CashControlApp.swift */; };
		12AFBB742BA675DB00242EA3 /* ContentView.swift in Sources */ = {isa = PBXBuildFile; fileRef = 12AFBB732BA675DB00242EA3 /* ContentView.swift */; };
		12AFBB762BA675DD00242EA3 /* Assets.xcassets in Resources */ = {isa = PBXBuildFile; fileRef = 12AFBB752BA675DD00242EA3 /* Assets.xcassets */; };
		12AFBB7A2BA675DD00242EA3 /* Preview Assets.xcassets in Resources */ = {isa = PBXBuildFile; fileRef = 12AFBB792BA675DD00242EA3 /* Preview Assets.xcassets */; };
		12AFBB842BA675DD00242EA3 /* CashControlTests.swift in Sources */ = {isa = PBXBuildFile; fileRef = 12AFBB832BA675DD00242EA3 /* CashControlTests.swift */; };
		12AFBB8E2BA675DD00242EA3 /* CashControlUITests.swift in Sources */ = {isa = PBXBuildFile; fileRef = 12AFBB8D2BA675DD00242EA3 /* CashControlUITests.swift */; };
		12AFBB902BA675DD00242EA3 /* CashControlUITestsLaunchTests.swift in Sources */ = {isa = PBXBuildFile; fileRef = 12AFBB8F2BA675DD00242EA3 /* CashControlUITestsLaunchTests.swift */; };
		12AFBBA32BA68DB600242EA3 /* SideMenuView.swift in Sources */ = {isa = PBXBuildFile; fileRef = 12AFBBA22BA68DB600242EA3 /* SideMenuView.swift */; };
		12AFBBA52BA69F1300242EA3 /* SideMenuHeaderView.swift in Sources */ = {isa = PBXBuildFile; fileRef = 12AFBBA42BA69F1300242EA3 /* SideMenuHeaderView.swift */; };
		12AFBBA82BA7321D00242EA3 /* SideMenuRowView.swift in Sources */ = {isa = PBXBuildFile; fileRef = 12AFBBA72BA7321D00242EA3 /* SideMenuRowView.swift */; };
		12AFBBAA2BA734C100242EA3 /* SideMenuOptionModel.swift in Sources */ = {isa = PBXBuildFile; fileRef = 12AFBBA92BA734C100242EA3 /* SideMenuOptionModel.swift */; };
		12AFBBAD2BA73E1400242EA3 /* HapticsManager.swift in Sources */ = {isa = PBXBuildFile; fileRef = 12AFBBAC2BA73E1400242EA3 /* HapticsManager.swift */; };
		12AFBBB52BA7479700242EA3 /* TransactionsView.swift in Sources */ = {isa = PBXBuildFile; fileRef = 12AFBBB42BA7479700242EA3 /* TransactionsView.swift */; };
		12AFBBB92BA748D200242EA3 /* BudgetView.swift in Sources */ = {isa = PBXBuildFile; fileRef = 12AFBBB82BA748D200242EA3 /* BudgetView.swift */; };
		12AFBBBB2BA748FF00242EA3 /* InvestmentsView.swift in Sources */ = {isa = PBXBuildFile; fileRef = 12AFBBBA2BA748FF00242EA3 /* InvestmentsView.swift */; };
		12AFBBBD2BA752DF00242EA3 /* LockView.swift in Sources */ = {isa = PBXBuildFile; fileRef = 12AFBBBC2BA752DF00242EA3 /* LockView.swift */; };
		12C81C5C2BA759F200D117A1 /* ProfileView.swift in Sources */ = {isa = PBXBuildFile; fileRef = 12C81C5B2BA759F200D117A1 /* ProfileView.swift */; };
		12C81C5E2BA75A0000D117A1 /* SettingsView.swift in Sources */ = {isa = PBXBuildFile; fileRef = 12C81C5D2BA75A0000D117A1 /* SettingsView.swift */; };
		12C81C602BA75A1000D117A1 /* ChartsView.swift in Sources */ = {isa = PBXBuildFile; fileRef = 12C81C5F2BA75A1000D117A1 /* ChartsView.swift */; };
		12C81C622BA75A1C00D117A1 /* SearchView.swift in Sources */ = {isa = PBXBuildFile; fileRef = 12C81C612BA75A1C00D117A1 /* SearchView.swift */; };
		12C81C642BA75A2C00D117A1 /* HelpView.swift in Sources */ = {isa = PBXBuildFile; fileRef = 12C81C632BA75A2C00D117A1 /* HelpView.swift */; };
		12C81C662BA75A4500D117A1 /* PrivacyView.swift in Sources */ = {isa = PBXBuildFile; fileRef = 12C81C652BA75A4500D117A1 /* PrivacyView.swift */; };
		12C81C682BA763E700D117A1 /* AboutView.swift in Sources */ = {isa = PBXBuildFile; fileRef = 12C81C672BA763E700D117A1 /* AboutView.swift */; };
/* End PBXBuildFile section */

/* Begin PBXContainerItemProxy section */
		12AFBB802BA675DD00242EA3 /* PBXContainerItemProxy */ = {
			isa = PBXContainerItemProxy;
			containerPortal = 12AFBB662BA675DB00242EA3 /* Project object */;
			proxyType = 1;
			remoteGlobalIDString = 12AFBB6D2BA675DB00242EA3;
			remoteInfo = CashControl;
		};
		12AFBB8A2BA675DD00242EA3 /* PBXContainerItemProxy */ = {
			isa = PBXContainerItemProxy;
			containerPortal = 12AFBB662BA675DB00242EA3 /* Project object */;
			proxyType = 1;
			remoteGlobalIDString = 12AFBB6D2BA675DB00242EA3;
			remoteInfo = CashControl;
		};
/* End PBXContainerItemProxy section */

/* Begin PBXFileReference section */
		12AFBB6E2BA675DB00242EA3 /* CashControl.app */ = {isa = PBXFileReference; explicitFileType = wrapper.application; includeInIndex = 0; path = CashControl.app; sourceTree = BUILT_PRODUCTS_DIR; };
		12AFBB712BA675DB00242EA3 /* CashControlApp.swift */ = {isa = PBXFileReference; lastKnownFileType = sourcecode.swift; path = CashControlApp.swift; sourceTree = "<group>"; };
		12AFBB732BA675DB00242EA3 /* ContentView.swift */ = {isa = PBXFileReference; lastKnownFileType = sourcecode.swift; path = ContentView.swift; sourceTree = "<group>"; };
		12AFBB752BA675DD00242EA3 /* Assets.xcassets */ = {isa = PBXFileReference; lastKnownFileType = folder.assetcatalog; path = Assets.xcassets; sourceTree = "<group>"; };
		12AFBB772BA675DD00242EA3 /* CashControl.entitlements */ = {isa = PBXFileReference; lastKnownFileType = text.plist.entitlements; path = CashControl.entitlements; sourceTree = "<group>"; };
		12AFBB792BA675DD00242EA3 /* Preview Assets.xcassets */ = {isa = PBXFileReference; lastKnownFileType = folder.assetcatalog; path = "Preview Assets.xcassets"; sourceTree = "<group>"; };
		12AFBB7F2BA675DD00242EA3 /* CashControlTests.xctest */ = {isa = PBXFileReference; explicitFileType = wrapper.cfbundle; includeInIndex = 0; path = CashControlTests.xctest; sourceTree = BUILT_PRODUCTS_DIR; };
		12AFBB832BA675DD00242EA3 /* CashControlTests.swift */ = {isa = PBXFileReference; lastKnownFileType = sourcecode.swift; path = CashControlTests.swift; sourceTree = "<group>"; };
		12AFBB892BA675DD00242EA3 /* CashControlUITests.xctest */ = {isa = PBXFileReference; explicitFileType = wrapper.cfbundle; includeInIndex = 0; path = CashControlUITests.xctest; sourceTree = BUILT_PRODUCTS_DIR; };
		12AFBB8D2BA675DD00242EA3 /* CashControlUITests.swift */ = {isa = PBXFileReference; lastKnownFileType = sourcecode.swift; path = CashControlUITests.swift; sourceTree = "<group>"; };
		12AFBB8F2BA675DD00242EA3 /* CashControlUITestsLaunchTests.swift */ = {isa = PBXFileReference; lastKnownFileType = sourcecode.swift; path = CashControlUITestsLaunchTests.swift; sourceTree = "<group>"; };
		12AFBBA22BA68DB600242EA3 /* SideMenuView.swift */ = {isa = PBXFileReference; lastKnownFileType = sourcecode.swift; path = SideMenuView.swift; sourceTree = "<group>"; };
		12AFBBA42BA69F1300242EA3 /* SideMenuHeaderView.swift */ = {isa = PBXFileReference; lastKnownFileType = sourcecode.swift; path = SideMenuHeaderView.swift; sourceTree = "<group>"; };
		12AFBBA72BA7321D00242EA3 /* SideMenuRowView.swift */ = {isa = PBXFileReference; lastKnownFileType = sourcecode.swift; path = SideMenuRowView.swift; sourceTree = "<group>"; };
		12AFBBA92BA734C100242EA3 /* SideMenuOptionModel.swift */ = {isa = PBXFileReference; lastKnownFileType = sourcecode.swift; path = SideMenuOptionModel.swift; sourceTree = "<group>"; };
		12AFBBAC2BA73E1400242EA3 /* HapticsManager.swift */ = {isa = PBXFileReference; lastKnownFileType = sourcecode.swift; path = HapticsManager.swift; sourceTree = "<group>"; };
		12AFBBB42BA7479700242EA3 /* TransactionsView.swift */ = {isa = PBXFileReference; lastKnownFileType = sourcecode.swift; path = TransactionsView.swift; sourceTree = "<group>"; };
		12AFBBB82BA748D200242EA3 /* BudgetView.swift */ = {isa = PBXFileReference; lastKnownFileType = sourcecode.swift; path = BudgetView.swift; sourceTree = "<group>"; };
		12AFBBBA2BA748FF00242EA3 /* InvestmentsView.swift */ = {isa = PBXFileReference; lastKnownFileType = sourcecode.swift; path = InvestmentsView.swift; sourceTree = "<group>"; };
		12AFBBBC2BA752DF00242EA3 /* LockView.swift */ = {isa = PBXFileReference; lastKnownFileType = sourcecode.swift; path = LockView.swift; sourceTree = "<group>"; };
		12C81C5B2BA759F200D117A1 /* ProfileView.swift */ = {isa = PBXFileReference; lastKnownFileType = sourcecode.swift; path = ProfileView.swift; sourceTree = "<group>"; };
		12C81C5D2BA75A0000D117A1 /* SettingsView.swift */ = {isa = PBXFileReference; lastKnownFileType = sourcecode.swift; path = SettingsView.swift; sourceTree = "<group>"; };
		12C81C5F2BA75A1000D117A1 /* ChartsView.swift */ = {isa = PBXFileReference; lastKnownFileType = sourcecode.swift; path = ChartsView.swift; sourceTree = "<group>"; };
		12C81C612BA75A1C00D117A1 /* SearchView.swift */ = {isa = PBXFileReference; lastKnownFileType = sourcecode.swift; path = SearchView.swift; sourceTree = "<group>"; };
		12C81C632BA75A2C00D117A1 /* HelpView.swift */ = {isa = PBXFileReference; lastKnownFileType = sourcecode.swift; path = HelpView.swift; sourceTree = "<group>"; };
		12C81C652BA75A4500D117A1 /* PrivacyView.swift */ = {isa = PBXFileReference; lastKnownFileType = sourcecode.swift; path = PrivacyView.swift; sourceTree = "<group>"; };
		12C81C672BA763E700D117A1 /* AboutView.swift */ = {isa = PBXFileReference; lastKnownFileType = sourcecode.swift; path = AboutView.swift; sourceTree = "<group>"; };
/* End PBXFileReference section */

/* Begin PBXFrameworksBuildPhase section */
		12AFBB6B2BA675DB00242EA3 /* Frameworks */ = {
			isa = PBXFrameworksBuildPhase;
			buildActionMask = 2147483647;
			files = (
			);
			runOnlyForDeploymentPostprocessing = 0;
		};
		12AFBB7C2BA675DD00242EA3 /* Frameworks */ = {
			isa = PBXFrameworksBuildPhase;
			buildActionMask = 2147483647;
			files = (
			);
			runOnlyForDeploymentPostprocessing = 0;
		};
		12AFBB862BA675DD00242EA3 /* Frameworks */ = {
			isa = PBXFrameworksBuildPhase;
			buildActionMask = 2147483647;
			files = (
			);
			runOnlyForDeploymentPostprocessing = 0;
		};
/* End PBXFrameworksBuildPhase section */

/* Begin PBXGroup section */
		12AFBB652BA675DB00242EA3 = {
			isa = PBXGroup;
			children = (
				12AFBB702BA675DB00242EA3 /* CashControl */,
				12AFBB822BA675DD00242EA3 /* CashControlTests */,
				12AFBB8C2BA675DD00242EA3 /* CashControlUITests */,
				12AFBB6F2BA675DB00242EA3 /* Products */,
			);
			sourceTree = "<group>";
		};
		12AFBB6F2BA675DB00242EA3 /* Products */ = {
			isa = PBXGroup;
			children = (
				12AFBB6E2BA675DB00242EA3 /* CashControl.app */,
				12AFBB7F2BA675DD00242EA3 /* CashControlTests.xctest */,
				12AFBB892BA675DD00242EA3 /* CashControlUITests.xctest */,
			);
			name = Products;
			sourceTree = "<group>";
		};
		12AFBB702BA675DB00242EA3 /* CashControl */ = {
			isa = PBXGroup;
			children = (
				12AFBB712BA675DB00242EA3 /* CashControlApp.swift */,
				12AFBBAB2BA73DFE00242EA3 /* Support */,
				12AFBB9C2BA6761700242EA3 /* Models */,
				12AFBB9D2BA6762300242EA3 /* Views */,
				12AFBB752BA675DD00242EA3 /* Assets.xcassets */,
				12AFBB772BA675DD00242EA3 /* CashControl.entitlements */,
				12AFBB782BA675DD00242EA3 /* Preview Content */,
			);
			path = CashControl;
			sourceTree = "<group>";
		};
		12AFBB782BA675DD00242EA3 /* Preview Content */ = {
			isa = PBXGroup;
			children = (
				12AFBB792BA675DD00242EA3 /* Preview Assets.xcassets */,
			);
			path = "Preview Content";
			sourceTree = "<group>";
		};
		12AFBB822BA675DD00242EA3 /* CashControlTests */ = {
			isa = PBXGroup;
			children = (
				12AFBB832BA675DD00242EA3 /* CashControlTests.swift */,
			);
			path = CashControlTests;
			sourceTree = "<group>";
		};
		12AFBB8C2BA675DD00242EA3 /* CashControlUITests */ = {
			isa = PBXGroup;
			children = (
				12AFBB8D2BA675DD00242EA3 /* CashControlUITests.swift */,
				12AFBB8F2BA675DD00242EA3 /* CashControlUITestsLaunchTests.swift */,
			);
			path = CashControlUITests;
			sourceTree = "<group>";
		};
		12AFBB9C2BA6761700242EA3 /* Models */ = {
			isa = PBXGroup;
			children = (
				12AFBBA92BA734C100242EA3 /* SideMenuOptionModel.swift */,
			);
			path = Models;
			sourceTree = "<group>";
		};
		12AFBB9D2BA6762300242EA3 /* Views */ = {
			isa = PBXGroup;
			children = (
				12AFBBA62BA6A3E100242EA3 /* SideMenu */,
				12AFBBB42BA7479700242EA3 /* TransactionsView.swift */,
				12C81C652BA75A4500D117A1 /* PrivacyView.swift */,
				12AFBBB82BA748D200242EA3 /* BudgetView.swift */,
				12AFBBBA2BA748FF00242EA3 /* InvestmentsView.swift */,
				12AFBBBC2BA752DF00242EA3 /* LockView.swift */,
				12C81C5B2BA759F200D117A1 /* ProfileView.swift */,
				12C81C5D2BA75A0000D117A1 /* SettingsView.swift */,
				12C81C5F2BA75A1000D117A1 /* ChartsView.swift */,
				12C81C612BA75A1C00D117A1 /* SearchView.swift */,
				12C81C632BA75A2C00D117A1 /* HelpView.swift */,
				12C81C672BA763E700D117A1 /* AboutView.swift */,
			);
			path = Views;
			sourceTree = "<group>";
		};
		12AFBBA62BA6A3E100242EA3 /* SideMenu */ = {
			isa = PBXGroup;
			children = (
				12AFBBA42BA69F1300242EA3 /* SideMenuHeaderView.swift */,
				12AFBBA22BA68DB600242EA3 /* SideMenuView.swift */,
				12AFBB732BA675DB00242EA3 /* ContentView.swift */,
				12AFBBA72BA7321D00242EA3 /* SideMenuRowView.swift */,
			);
			path = SideMenu;
			sourceTree = "<group>";
		};
		12AFBBAB2BA73DFE00242EA3 /* Support */ = {
			isa = PBXGroup;
			children = (
				12AFBBAC2BA73E1400242EA3 /* HapticsManager.swift */,
			);
			path = Support;
			sourceTree = "<group>";
		};
/* End PBXGroup section */

/* Begin PBXNativeTarget section */
		12AFBB6D2BA675DB00242EA3 /* CashControl */ = {
			isa = PBXNativeTarget;
			buildConfigurationList = 12AFBB932BA675DD00242EA3 /* Build configuration list for PBXNativeTarget "CashControl" */;
			buildPhases = (
				12AFBB6A2BA675DB00242EA3 /* Sources */,
				12AFBB6B2BA675DB00242EA3 /* Frameworks */,
				12AFBB6C2BA675DB00242EA3 /* Resources */,
			);
			buildRules = (
			);
			dependencies = (
			);
			name = CashControl;
			productName = CashControl;
			productReference = 12AFBB6E2BA675DB00242EA3 /* CashControl.app */;
			productType = "com.apple.product-type.application";
		};
		12AFBB7E2BA675DD00242EA3 /* CashControlTests */ = {
			isa = PBXNativeTarget;
			buildConfigurationList = 12AFBB962BA675DD00242EA3 /* Build configuration list for PBXNativeTarget "CashControlTests" */;
			buildPhases = (
				12AFBB7B2BA675DD00242EA3 /* Sources */,
				12AFBB7C2BA675DD00242EA3 /* Frameworks */,
				12AFBB7D2BA675DD00242EA3 /* Resources */,
			);
			buildRules = (
			);
			dependencies = (
				12AFBB812BA675DD00242EA3 /* PBXTargetDependency */,
			);
			name = CashControlTests;
			productName = CashControlTests;
			productReference = 12AFBB7F2BA675DD00242EA3 /* CashControlTests.xctest */;
			productType = "com.apple.product-type.bundle.unit-test";
		};
		12AFBB882BA675DD00242EA3 /* CashControlUITests */ = {
			isa = PBXNativeTarget;
			buildConfigurationList = 12AFBB992BA675DD00242EA3 /* Build configuration list for PBXNativeTarget "CashControlUITests" */;
			buildPhases = (
				12AFBB852BA675DD00242EA3 /* Sources */,
				12AFBB862BA675DD00242EA3 /* Frameworks */,
				12AFBB872BA675DD00242EA3 /* Resources */,
			);
			buildRules = (
			);
			dependencies = (
				12AFBB8B2BA675DD00242EA3 /* PBXTargetDependency */,
			);
			name = CashControlUITests;
			productName = CashControlUITests;
			productReference = 12AFBB892BA675DD00242EA3 /* CashControlUITests.xctest */;
			productType = "com.apple.product-type.bundle.ui-testing";
		};
/* End PBXNativeTarget section */

/* Begin PBXProject section */
		12AFBB662BA675DB00242EA3 /* Project object */ = {
			isa = PBXProject;
			attributes = {
				BuildIndependentTargetsInParallel = 1;
				LastSwiftUpdateCheck = 1530;
				LastUpgradeCheck = 1530;
				TargetAttributes = {
					12AFBB6D2BA675DB00242EA3 = {
						CreatedOnToolsVersion = 15.3;
					};
					12AFBB7E2BA675DD00242EA3 = {
						CreatedOnToolsVersion = 15.3;
						TestTargetID = 12AFBB6D2BA675DB00242EA3;
					};
					12AFBB882BA675DD00242EA3 = {
						CreatedOnToolsVersion = 15.3;
						TestTargetID = 12AFBB6D2BA675DB00242EA3;
					};
				};
			};
			buildConfigurationList = 12AFBB692BA675DB00242EA3 /* Build configuration list for PBXProject "CashControl" */;
			compatibilityVersion = "Xcode 14.0";
			developmentRegion = en;
			hasScannedForEncodings = 0;
			knownRegions = (
				en,
				Base,
			);
			mainGroup = 12AFBB652BA675DB00242EA3;
			productRefGroup = 12AFBB6F2BA675DB00242EA3 /* Products */;
			projectDirPath = "";
			projectRoot = "";
			targets = (
				12AFBB6D2BA675DB00242EA3 /* CashControl */,
				12AFBB7E2BA675DD00242EA3 /* CashControlTests */,
				12AFBB882BA675DD00242EA3 /* CashControlUITests */,
			);
		};
/* End PBXProject section */

/* Begin PBXResourcesBuildPhase section */
		12AFBB6C2BA675DB00242EA3 /* Resources */ = {
			isa = PBXResourcesBuildPhase;
			buildActionMask = 2147483647;
			files = (
				12AFBB7A2BA675DD00242EA3 /* Preview Assets.xcassets in Resources */,
				12AFBB762BA675DD00242EA3 /* Assets.xcassets in Resources */,
			);
			runOnlyForDeploymentPostprocessing = 0;
		};
		12AFBB7D2BA675DD00242EA3 /* Resources */ = {
			isa = PBXResourcesBuildPhase;
			buildActionMask = 2147483647;
			files = (
			);
			runOnlyForDeploymentPostprocessing = 0;
		};
		12AFBB872BA675DD00242EA3 /* Resources */ = {
			isa = PBXResourcesBuildPhase;
			buildActionMask = 2147483647;
			files = (
			);
			runOnlyForDeploymentPostprocessing = 0;
		};
/* End PBXResourcesBuildPhase section */

/* Begin PBXSourcesBuildPhase section */
		12AFBB6A2BA675DB00242EA3 /* Sources */ = {
			isa = PBXSourcesBuildPhase;
			buildActionMask = 2147483647;
			files = (
				12AFBBB92BA748D200242EA3 /* BudgetView.swift in Sources */,
				12AFBBA32BA68DB600242EA3 /* SideMenuView.swift in Sources */,
				12AFBBA52BA69F1300242EA3 /* SideMenuHeaderView.swift in Sources */,
				12AFBBAD2BA73E1400242EA3 /* HapticsManager.swift in Sources */,
				12C81C682BA763E700D117A1 /* AboutView.swift in Sources */,
				12C81C5C2BA759F200D117A1 /* ProfileView.swift in Sources */,
				12AFBBB52BA7479700242EA3 /* TransactionsView.swift in Sources */,
				12AFBBBD2BA752DF00242EA3 /* LockView.swift in Sources */,
				12C81C662BA75A4500D117A1 /* PrivacyView.swift in Sources */,
				12C81C602BA75A1000D117A1 /* ChartsView.swift in Sources */,
				12AFBBAA2BA734C100242EA3 /* SideMenuOptionModel.swift in Sources */,
				12AFBBBB2BA748FF00242EA3 /* InvestmentsView.swift in Sources */,
				12C81C622BA75A1C00D117A1 /* SearchView.swift in Sources */,
				12AFBBA82BA7321D00242EA3 /* SideMenuRowView.swift in Sources */,
				12AFBB742BA675DB00242EA3 /* ContentView.swift in Sources */,
				12C81C642BA75A2C00D117A1 /* HelpView.swift in Sources */,
				12AFBB722BA675DB00242EA3 /* CashControlApp.swift in Sources */,
				12C81C5E2BA75A0000D117A1 /* SettingsView.swift in Sources */,
			);
			runOnlyForDeploymentPostprocessing = 0;
		};
		12AFBB7B2BA675DD00242EA3 /* Sources */ = {
			isa = PBXSourcesBuildPhase;
			buildActionMask = 2147483647;
			files = (
				12AFBB842BA675DD00242EA3 /* CashControlTests.swift in Sources */,
			);
			runOnlyForDeploymentPostprocessing = 0;
		};
		12AFBB852BA675DD00242EA3 /* Sources */ = {
			isa = PBXSourcesBuildPhase;
			buildActionMask = 2147483647;
			files = (
				12AFBB8E2BA675DD00242EA3 /* CashControlUITests.swift in Sources */,
				12AFBB902BA675DD00242EA3 /* CashControlUITestsLaunchTests.swift in Sources */,
			);
			runOnlyForDeploymentPostprocessing = 0;
		};
/* End PBXSourcesBuildPhase section */

/* Begin PBXTargetDependency section */
		12AFBB812BA675DD00242EA3 /* PBXTargetDependency */ = {
			isa = PBXTargetDependency;
			target = 12AFBB6D2BA675DB00242EA3 /* CashControl */;
			targetProxy = 12AFBB802BA675DD00242EA3 /* PBXContainerItemProxy */;
		};
		12AFBB8B2BA675DD00242EA3 /* PBXTargetDependency */ = {
			isa = PBXTargetDependency;
			target = 12AFBB6D2BA675DB00242EA3 /* CashControl */;
			targetProxy = 12AFBB8A2BA675DD00242EA3 /* PBXContainerItemProxy */;
		};
/* End PBXTargetDependency section */

/* Begin XCBuildConfiguration section */
		12AFBB912BA675DD00242EA3 /* Debug */ = {
			isa = XCBuildConfiguration;
			buildSettings = {
				ALWAYS_SEARCH_USER_PATHS = NO;
				ASSETCATALOG_COMPILER_GENERATE_SWIFT_ASSET_SYMBOL_EXTENSIONS = YES;
				CLANG_ANALYZER_NONNULL = YES;
				CLANG_ANALYZER_NUMBER_OBJECT_CONVERSION = YES_AGGRESSIVE;
				CLANG_CXX_LANGUAGE_STANDARD = "gnu++20";
				CLANG_ENABLE_MODULES = YES;
				CLANG_ENABLE_OBJC_ARC = YES;
				CLANG_ENABLE_OBJC_WEAK = YES;
				CLANG_WARN_BLOCK_CAPTURE_AUTORELEASING = YES;
				CLANG_WARN_BOOL_CONVERSION = YES;
				CLANG_WARN_COMMA = YES;
				CLANG_WARN_CONSTANT_CONVERSION = YES;
				CLANG_WARN_DEPRECATED_OBJC_IMPLEMENTATIONS = YES;
				CLANG_WARN_DIRECT_OBJC_ISA_USAGE = YES_ERROR;
				CLANG_WARN_DOCUMENTATION_COMMENTS = YES;
				CLANG_WARN_EMPTY_BODY = YES;
				CLANG_WARN_ENUM_CONVERSION = YES;
				CLANG_WARN_INFINITE_RECURSION = YES;
				CLANG_WARN_INT_CONVERSION = YES;
				CLANG_WARN_NON_LITERAL_NULL_CONVERSION = YES;
				CLANG_WARN_OBJC_IMPLICIT_RETAIN_SELF = YES;
				CLANG_WARN_OBJC_LITERAL_CONVERSION = YES;
				CLANG_WARN_OBJC_ROOT_CLASS = YES_ERROR;
				CLANG_WARN_QUOTED_INCLUDE_IN_FRAMEWORK_HEADER = YES;
				CLANG_WARN_RANGE_LOOP_ANALYSIS = YES;
				CLANG_WARN_STRICT_PROTOTYPES = YES;
				CLANG_WARN_SUSPICIOUS_MOVE = YES;
				CLANG_WARN_UNGUARDED_AVAILABILITY = YES_AGGRESSIVE;
				CLANG_WARN_UNREACHABLE_CODE = YES;
				CLANG_WARN__DUPLICATE_METHOD_MATCH = YES;
				COPY_PHASE_STRIP = NO;
				DEBUG_INFORMATION_FORMAT = dwarf;
				ENABLE_STRICT_OBJC_MSGSEND = YES;
				ENABLE_TESTABILITY = YES;
				ENABLE_USER_SCRIPT_SANDBOXING = YES;
				GCC_C_LANGUAGE_STANDARD = gnu17;
				GCC_DYNAMIC_NO_PIC = NO;
				GCC_NO_COMMON_BLOCKS = YES;
				GCC_OPTIMIZATION_LEVEL = 0;
				GCC_PREPROCESSOR_DEFINITIONS = (
					"DEBUG=1",
					"$(inherited)",
				);
				GCC_WARN_64_TO_32_BIT_CONVERSION = YES;
				GCC_WARN_ABOUT_RETURN_TYPE = YES_ERROR;
				GCC_WARN_UNDECLARED_SELECTOR = YES;
				GCC_WARN_UNINITIALIZED_AUTOS = YES_AGGRESSIVE;
				GCC_WARN_UNUSED_FUNCTION = YES;
				GCC_WARN_UNUSED_VARIABLE = YES;
				LOCALIZATION_PREFERS_STRING_CATALOGS = YES;
				MTL_ENABLE_DEBUG_INFO = INCLUDE_SOURCE;
				MTL_FAST_MATH = YES;
				ONLY_ACTIVE_ARCH = YES;
				SWIFT_ACTIVE_COMPILATION_CONDITIONS = "DEBUG $(inherited)";
				SWIFT_OPTIMIZATION_LEVEL = "-Onone";
			};
			name = Debug;
		};
		12AFBB922BA675DD00242EA3 /* Release */ = {
			isa = XCBuildConfiguration;
			buildSettings = {
				ALWAYS_SEARCH_USER_PATHS = NO;
				ASSETCATALOG_COMPILER_GENERATE_SWIFT_ASSET_SYMBOL_EXTENSIONS = YES;
				CLANG_ANALYZER_NONNULL = YES;
				CLANG_ANALYZER_NUMBER_OBJECT_CONVERSION = YES_AGGRESSIVE;
				CLANG_CXX_LANGUAGE_STANDARD = "gnu++20";
				CLANG_ENABLE_MODULES = YES;
				CLANG_ENABLE_OBJC_ARC = YES;
				CLANG_ENABLE_OBJC_WEAK = YES;
				CLANG_WARN_BLOCK_CAPTURE_AUTORELEASING = YES;
				CLANG_WARN_BOOL_CONVERSION = YES;
				CLANG_WARN_COMMA = YES;
				CLANG_WARN_CONSTANT_CONVERSION = YES;
				CLANG_WARN_DEPRECATED_OBJC_IMPLEMENTATIONS = YES;
				CLANG_WARN_DIRECT_OBJC_ISA_USAGE = YES_ERROR;
				CLANG_WARN_DOCUMENTATION_COMMENTS = YES;
				CLANG_WARN_EMPTY_BODY = YES;
				CLANG_WARN_ENUM_CONVERSION = YES;
				CLANG_WARN_INFINITE_RECURSION = YES;
				CLANG_WARN_INT_CONVERSION = YES;
				CLANG_WARN_NON_LITERAL_NULL_CONVERSION = YES;
				CLANG_WARN_OBJC_IMPLICIT_RETAIN_SELF = YES;
				CLANG_WARN_OBJC_LITERAL_CONVERSION = YES;
				CLANG_WARN_OBJC_ROOT_CLASS = YES_ERROR;
				CLANG_WARN_QUOTED_INCLUDE_IN_FRAMEWORK_HEADER = YES;
				CLANG_WARN_RANGE_LOOP_ANALYSIS = YES;
				CLANG_WARN_STRICT_PROTOTYPES = YES;
				CLANG_WARN_SUSPICIOUS_MOVE = YES;
				CLANG_WARN_UNGUARDED_AVAILABILITY = YES_AGGRESSIVE;
				CLANG_WARN_UNREACHABLE_CODE = YES;
				CLANG_WARN__DUPLICATE_METHOD_MATCH = YES;
				COPY_PHASE_STRIP = NO;
				DEBUG_INFORMATION_FORMAT = "dwarf-with-dsym";
				ENABLE_NS_ASSERTIONS = NO;
				ENABLE_STRICT_OBJC_MSGSEND = YES;
				ENABLE_USER_SCRIPT_SANDBOXING = YES;
				GCC_C_LANGUAGE_STANDARD = gnu17;
				GCC_NO_COMMON_BLOCKS = YES;
				GCC_WARN_64_TO_32_BIT_CONVERSION = YES;
				GCC_WARN_ABOUT_RETURN_TYPE = YES_ERROR;
				GCC_WARN_UNDECLARED_SELECTOR = YES;
				GCC_WARN_UNINITIALIZED_AUTOS = YES_AGGRESSIVE;
				GCC_WARN_UNUSED_FUNCTION = YES;
				GCC_WARN_UNUSED_VARIABLE = YES;
				LOCALIZATION_PREFERS_STRING_CATALOGS = YES;
				MTL_ENABLE_DEBUG_INFO = NO;
				MTL_FAST_MATH = YES;
				SWIFT_COMPILATION_MODE = wholemodule;
			};
			name = Release;
		};
		12AFBB942BA675DD00242EA3 /* Debug */ = {
			isa = XCBuildConfiguration;
			buildSettings = {
				ASSETCATALOG_COMPILER_APPICON_NAME = AppIcon;
				ASSETCATALOG_COMPILER_GLOBAL_ACCENT_COLOR_NAME = AccentColor;
				CODE_SIGN_ENTITLEMENTS = CashControl/CashControl.entitlements;
				CODE_SIGN_STYLE = Automatic;
				CURRENT_PROJECT_VERSION = 1;
				DEVELOPMENT_ASSET_PATHS = "\"CashControl/Preview Content\"";
				DEVELOPMENT_TEAM = 8QQYNTY523;
				ENABLE_HARDENED_RUNTIME = YES;
				ENABLE_PREVIEWS = YES;
				GENERATE_INFOPLIST_FILE = YES;
				"INFOPLIST_KEY_UIApplicationSceneManifest_Generation[sdk=iphoneos*]" = YES;
				"INFOPLIST_KEY_UIApplicationSceneManifest_Generation[sdk=iphonesimulator*]" = YES;
				"INFOPLIST_KEY_UIApplicationSupportsIndirectInputEvents[sdk=iphoneos*]" = YES;
				"INFOPLIST_KEY_UIApplicationSupportsIndirectInputEvents[sdk=iphonesimulator*]" = YES;
				"INFOPLIST_KEY_UILaunchScreen_Generation[sdk=iphoneos*]" = YES;
				"INFOPLIST_KEY_UILaunchScreen_Generation[sdk=iphonesimulator*]" = YES;
				"INFOPLIST_KEY_UIStatusBarStyle[sdk=iphoneos*]" = UIStatusBarStyleDefault;
				"INFOPLIST_KEY_UIStatusBarStyle[sdk=iphonesimulator*]" = UIStatusBarStyleDefault;
				INFOPLIST_KEY_UISupportedInterfaceOrientations_iPad = "UIInterfaceOrientationPortrait UIInterfaceOrientationPortraitUpsideDown UIInterfaceOrientationLandscapeLeft UIInterfaceOrientationLandscapeRight";
				INFOPLIST_KEY_UISupportedInterfaceOrientations_iPhone = "UIInterfaceOrientationPortrait UIInterfaceOrientationLandscapeLeft UIInterfaceOrientationLandscapeRight";
				IPHONEOS_DEPLOYMENT_TARGET = 17.4;
				LD_RUNPATH_SEARCH_PATHS = "@executable_path/Frameworks";
				"LD_RUNPATH_SEARCH_PATHS[sdk=macosx*]" = "@executable_path/../Frameworks";
				MACOSX_DEPLOYMENT_TARGET = 14.4;
				MARKETING_VERSION = 1.0;
				PRODUCT_BUNDLE_IDENTIFIER = com.weldtactics.CashControl;
				PRODUCT_NAME = "$(TARGET_NAME)";
				SDKROOT = auto;
				SUPPORTED_PLATFORMS = "iphoneos iphonesimulator macosx";
				SWIFT_EMIT_LOC_STRINGS = YES;
				SWIFT_VERSION = 5.0;
				TARGETED_DEVICE_FAMILY = "1,2";
			};
			name = Debug;
		};
		12AFBB952BA675DD00242EA3 /* Release */ = {
			isa = XCBuildConfiguration;
			buildSettings = {
				ASSETCATALOG_COMPILER_APPICON_NAME = AppIcon;
				ASSETCATALOG_COMPILER_GLOBAL_ACCENT_COLOR_NAME = AccentColor;
				CODE_SIGN_ENTITLEMENTS = CashControl/CashControl.entitlements;
				CODE_SIGN_STYLE = Automatic;
				CURRENT_PROJECT_VERSION = 1;
				DEVELOPMENT_ASSET_PATHS = "\"CashControl/Preview Content\"";
				DEVELOPMENT_TEAM = 8QQYNTY523;
				ENABLE_HARDENED_RUNTIME = YES;
				ENABLE_PREVIEWS = YES;
				GENERATE_INFOPLIST_FILE = YES;
				"INFOPLIST_KEY_UIApplicationSceneManifest_Generation[sdk=iphoneos*]" = YES;
				"INFOPLIST_KEY_UIApplicationSceneManifest_Generation[sdk=iphonesimulator*]" = YES;
				"INFOPLIST_KEY_UIApplicationSupportsIndirectInputEvents[sdk=iphoneos*]" = YES;
				"INFOPLIST_KEY_UIApplicationSupportsIndirectInputEvents[sdk=iphonesimulator*]" = YES;
				"INFOPLIST_KEY_UILaunchScreen_Generation[sdk=iphoneos*]" = YES;
				"INFOPLIST_KEY_UILaunchScreen_Generation[sdk=iphonesimulator*]" = YES;
				"INFOPLIST_KEY_UIStatusBarStyle[sdk=iphoneos*]" = UIStatusBarStyleDefault;
				"INFOPLIST_KEY_UIStatusBarStyle[sdk=iphonesimulator*]" = UIStatusBarStyleDefault;
				INFOPLIST_KEY_UISupportedInterfaceOrientations_iPad = "UIInterfaceOrientationPortrait UIInterfaceOrientationPortraitUpsideDown UIInterfaceOrientationLandscapeLeft UIInterfaceOrientationLandscapeRight";
				INFOPLIST_KEY_UISupportedInterfaceOrientations_iPhone = "UIInterfaceOrientationPortrait UIInterfaceOrientationLandscapeLeft UIInterfaceOrientationLandscapeRight";
				IPHONEOS_DEPLOYMENT_TARGET = 17.4;
				LD_RUNPATH_SEARCH_PATHS = "@executable_path/Frameworks";
				"LD_RUNPATH_SEARCH_PATHS[sdk=macosx*]" = "@executable_path/../Frameworks";
				MACOSX_DEPLOYMENT_TARGET = 14.4;
				MARKETING_VERSION = 1.0;
				PRODUCT_BUNDLE_IDENTIFIER = com.weldtactics.CashControl;
				PRODUCT_NAME = "$(TARGET_NAME)";
				SDKROOT = auto;
				SUPPORTED_PLATFORMS = "iphoneos iphonesimulator macosx";
				SWIFT_EMIT_LOC_STRINGS = YES;
				SWIFT_VERSION = 5.0;
				TARGETED_DEVICE_FAMILY = "1,2";
			};
			name = Release;
		};
		12AFBB972BA675DD00242EA3 /* Debug */ = {
			isa = XCBuildConfiguration;
			buildSettings = {
				ALWAYS_EMBED_SWIFT_STANDARD_LIBRARIES = YES;
				BUNDLE_LOADER = "$(TEST_HOST)";
				CODE_SIGN_STYLE = Automatic;
				CURRENT_PROJECT_VERSION = 1;
				DEVELOPMENT_TEAM = 8QQYNTY523;
				GENERATE_INFOPLIST_FILE = YES;
				IPHONEOS_DEPLOYMENT_TARGET = 17.4;
				MACOSX_DEPLOYMENT_TARGET = 14.4;
				MARKETING_VERSION = 1.0;
				PRODUCT_BUNDLE_IDENTIFIER = com.weldtactics.CashControlTests;
				PRODUCT_NAME = "$(TARGET_NAME)";
				SDKROOT = auto;
				SUPPORTED_PLATFORMS = "iphoneos iphonesimulator macosx";
				SWIFT_EMIT_LOC_STRINGS = NO;
				SWIFT_VERSION = 5.0;
				TARGETED_DEVICE_FAMILY = "1,2";
				TEST_HOST = "$(BUILT_PRODUCTS_DIR)/CashControl.app/$(BUNDLE_EXECUTABLE_FOLDER_PATH)/CashControl";
			};
			name = Debug;
		};
		12AFBB982BA675DD00242EA3 /* Release */ = {
			isa = XCBuildConfiguration;
			buildSettings = {
				ALWAYS_EMBED_SWIFT_STANDARD_LIBRARIES = YES;
				BUNDLE_LOADER = "$(TEST_HOST)";
				CODE_SIGN_STYLE = Automatic;
				CURRENT_PROJECT_VERSION = 1;
				DEVELOPMENT_TEAM = 8QQYNTY523;
				GENERATE_INFOPLIST_FILE = YES;
				IPHONEOS_DEPLOYMENT_TARGET = 17.4;
				MACOSX_DEPLOYMENT_TARGET = 14.4;
				MARKETING_VERSION = 1.0;
				PRODUCT_BUNDLE_IDENTIFIER = com.weldtactics.CashControlTests;
				PRODUCT_NAME = "$(TARGET_NAME)";
				SDKROOT = auto;
				SUPPORTED_PLATFORMS = "iphoneos iphonesimulator macosx";
				SWIFT_EMIT_LOC_STRINGS = NO;
				SWIFT_VERSION = 5.0;
				TARGETED_DEVICE_FAMILY = "1,2";
				TEST_HOST = "$(BUILT_PRODUCTS_DIR)/CashControl.app/$(BUNDLE_EXECUTABLE_FOLDER_PATH)/CashControl";
			};
			name = Release;
		};
		12AFBB9A2BA675DD00242EA3 /* Debug */ = {
			isa = XCBuildConfiguration;
			buildSettings = {
				ALWAYS_EMBED_SWIFT_STANDARD_LIBRARIES = YES;
				CODE_SIGN_STYLE = Automatic;
				CURRENT_PROJECT_VERSION = 1;
				DEVELOPMENT_TEAM = 8QQYNTY523;
				GENERATE_INFOPLIST_FILE = YES;
				IPHONEOS_DEPLOYMENT_TARGET = 17.4;
				MACOSX_DEPLOYMENT_TARGET = 14.4;
				MARKETING_VERSION = 1.0;
				PRODUCT_BUNDLE_IDENTIFIER = com.weldtactics.CashControlUITests;
				PRODUCT_NAME = "$(TARGET_NAME)";
				SDKROOT = auto;
				SUPPORTED_PLATFORMS = "iphoneos iphonesimulator macosx";
				SWIFT_EMIT_LOC_STRINGS = NO;
				SWIFT_VERSION = 5.0;
				TARGETED_DEVICE_FAMILY = "1,2";
				TEST_TARGET_NAME = CashControl;
			};
			name = Debug;
		};
		12AFBB9B2BA675DD00242EA3 /* Release */ = {
			isa = XCBuildConfiguration;
			buildSettings = {
				ALWAYS_EMBED_SWIFT_STANDARD_LIBRARIES = YES;
				CODE_SIGN_STYLE = Automatic;
				CURRENT_PROJECT_VERSION = 1;
				DEVELOPMENT_TEAM = 8QQYNTY523;
				GENERATE_INFOPLIST_FILE = YES;
				IPHONEOS_DEPLOYMENT_TARGET = 17.4;
				MACOSX_DEPLOYMENT_TARGET = 14.4;
				MARKETING_VERSION = 1.0;
				PRODUCT_BUNDLE_IDENTIFIER = com.weldtactics.CashControlUITests;
				PRODUCT_NAME = "$(TARGET_NAME)";
				SDKROOT = auto;
				SUPPORTED_PLATFORMS = "iphoneos iphonesimulator macosx";
				SWIFT_EMIT_LOC_STRINGS = NO;
				SWIFT_VERSION = 5.0;
				TARGETED_DEVICE_FAMILY = "1,2";
				TEST_TARGET_NAME = CashControl;
			};
			name = Release;
		};
/* End XCBuildConfiguration section */

/* Begin XCConfigurationList section */
		12AFBB692BA675DB00242EA3 /* Build configuration list for PBXProject "CashControl" */ = {
			isa = XCConfigurationList;
			buildConfigurations = (
				12AFBB912BA675DD00242EA3 /* Debug */,
				12AFBB922BA675DD00242EA3 /* Release */,
			);
			defaultConfigurationIsVisible = 0;
			defaultConfigurationName = Release;
		};
		12AFBB932BA675DD00242EA3 /* Build configuration list for PBXNativeTarget "CashControl" */ = {
			isa = XCConfigurationList;
			buildConfigurations = (
				12AFBB942BA675DD00242EA3 /* Debug */,
				12AFBB952BA675DD00242EA3 /* Release */,
			);
			defaultConfigurationIsVisible = 0;
			defaultConfigurationName = Release;
		};
		12AFBB962BA675DD00242EA3 /* Build configuration list for PBXNativeTarget "CashControlTests" */ = {
			isa = XCConfigurationList;
			buildConfigurations = (
				12AFBB972BA675DD00242EA3 /* Debug */,
				12AFBB982BA675DD00242EA3 /* Release */,
			);
			defaultConfigurationIsVisible = 0;
			defaultConfigurationName = Release;
		};
		12AFBB992BA675DD00242EA3 /* Build configuration list for PBXNativeTarget "CashControlUITests" */ = {
			isa = XCConfigurationList;
			buildConfigurations = (
				12AFBB9A2BA675DD00242EA3 /* Debug */,
				12AFBB9B2BA675DD00242EA3 /* Release */,
			);
			defaultConfigurationIsVisible = 0;
			defaultConfigurationName = Release;
		};
/* End XCConfigurationList section */
	};
	rootObject = 12AFBB662BA675DB00242EA3 /* Project object */;
}
